
Microsoft Visual Studio Solution File, Format Version 12.00
# Visual Studio Version 17
VisualStudioVersion = 17.6.33815.320
MinimumVisualStudioVersion = 10.0.40219.1
Project("{FAE04EC0-301F-11D3-BF4B-00C04F79EFBC}") = "FinalTask", "HW_8_6_4\FinalTask.csproj", "{2628090B-38C3-40DB-B4C5-0AC7799A74F3}"
EndProject
Global
	GlobalSection(SolutionConfigurationPlatforms) = preSolution
		Debug|Any CPU = Debug|Any CPU
		Release|Any CPU = Release|Any CPU
	EndGlobalSection
	GlobalSection(ProjectConfigurationPlatforms) = postSolution
		{2628090B-38C3-40DB-B4C5-0AC7799A74F3}.Debug|Any CPU.ActiveCfg = Debug|Any CPU
		{2628090B-38C3-40DB-B4C5-0AC7799A74F3}.Debug|Any CPU.Build.0 = Debug|Any CPU
		{2628090B-38C3-40DB-B4C5-0AC7799A74F3}.Release|Any CPU.ActiveCfg = Release|Any CPU
		{2628090B-38C3-40DB-B4C5-0AC7799A74F3}.Release|Any CPU.Build.0 = Release|Any CPU
	EndGlobalSection
	GlobalSection(SolutionProperties) = preSolution
		HideSolutionNode = FALSE
	EndGlobalSection
	GlobalSection(ExtensibilityGlobals) = postSolution
		SolutionGuid = {8A338CF4-8E20-4A0D-A957-3F052D4EACC3}
	EndGlobalSection
EndGlobal
